// !$*UTF8*$!
{
	archiveVersion = 1;
	classes = {
	};
	objectVersion = 60;
	objects = {

/* Begin PBXBuildFile section */
		152395622C3BEC6C00BA6152 /* ToDoListApp.swift in Sources */ = {isa = PBXBuildFile; fileRef = 152395612C3BEC6C00BA6152 /* ToDoListApp.swift */; };
		152395662C3BEC6D00BA6152 /* Assets.xcassets in Resources */ = {isa = PBXBuildFile; fileRef = 152395652C3BEC6D00BA6152 /* Assets.xcassets */; };
		152395692C3BEC6D00BA6152 /* Preview Assets.xcassets in Resources */ = {isa = PBXBuildFile; fileRef = 152395682C3BEC6D00BA6152 /* Preview Assets.xcassets */; };
		1523956E2C3BEC6D00BA6152 /* ToDoList.xcdatamodeld in Sources */ = {isa = PBXBuildFile; fileRef = 1523956C2C3BEC6D00BA6152 /* ToDoList.xcdatamodeld */; };
		1541C4642C3C3A8F00309171 /* DataHolder.swift in Sources */ = {isa = PBXBuildFile; fileRef = 1541C4632C3C3A8B00309171 /* DataHolder.swift */; };
		1541C4662C3C3D6600309171 /* TaskCell.swift in Sources */ = {isa = PBXBuildFile; fileRef = 1541C4652C3C3D6600309171 /* TaskCell.swift */; };
		1551F7862C3C388000DE8338 /* TaskEditView.swift in Sources */ = {isa = PBXBuildFile; fileRef = 1551F77F2C3C388000DE8338 /* TaskEditView.swift */; };
		1551F7872C3C388000DE8338 /* FloatingButton.swift in Sources */ = {isa = PBXBuildFile; fileRef = 1551F77E2C3C388000DE8338 /* FloatingButton.swift */; };
		1551F7882C3C388000DE8338 /* TaskListView.swift in Sources */ = {isa = PBXBuildFile; fileRef = 1551F77C2C3C388000DE8338 /* TaskListView.swift */; };
		1551F78E2C3C388700DE8338 /* Persistence.swift in Sources */ = {isa = PBXBuildFile; fileRef = 1551F78A2C3C388700DE8338 /* Persistence.swift */; };
		15D990DB2C3D312B00D6035A /* CheckBoxView.swift in Sources */ = {isa = PBXBuildFile; fileRef = 15D990DA2C3D312B00D6035A /* CheckBoxView.swift */; };
		15D990DD2C3D324600D6035A /* TaskItemExtension.swift in Sources */ = {isa = PBXBuildFile; fileRef = 15D990DC2C3D323500D6035A /* TaskItemExtension.swift */; };
		15D990DF2C3D605E00D6035A /* DataScroller.swift in Sources */ = {isa = PBXBuildFile; fileRef = 15D990DE2C3D605D00D6035A /* DataScroller.swift */; };
		15D990E12C3D840300D6035A /* TaskFilter.swift in Sources */ = {isa = PBXBuildFile; fileRef = 15D990E02C3D840300D6035A /* TaskFilter.swift */; };
/* End PBXBuildFile section */

/* Begin PBXFileReference section */
		1523955E2C3BEC6C00BA6152 /* ToDoList.app */ = {isa = PBXFileReference; explicitFileType = wrapper.application; includeInIndex = 0; path = ToDoList.app; sourceTree = BUILT_PRODUCTS_DIR; };
		152395612C3BEC6C00BA6152 /* ToDoListApp.swift */ = {isa = PBXFileReference; lastKnownFileType = sourcecode.swift; path = ToDoListApp.swift; sourceTree = "<group>"; };
		152395652C3BEC6D00BA6152 /* Assets.xcassets */ = {isa = PBXFileReference; lastKnownFileType = folder.assetcatalog; path = Assets.xcassets; sourceTree = "<group>"; };
		152395682C3BEC6D00BA6152 /* Preview Assets.xcassets */ = {isa = PBXFileReference; lastKnownFileType = folder.assetcatalog; path = "Preview Assets.xcassets"; sourceTree = "<group>"; };
		1523956D2C3BEC6D00BA6152 /* ToDoList.xcdatamodel */ = {isa = PBXFileReference; lastKnownFileType = wrapper.xcdatamodel; path = ToDoList.xcdatamodel; sourceTree = "<group>"; };
		1541C4632C3C3A8B00309171 /* DataHolder.swift */ = {isa = PBXFileReference; lastKnownFileType = sourcecode.swift; path = DataHolder.swift; sourceTree = "<group>"; };
		1541C4652C3C3D6600309171 /* TaskCell.swift */ = {isa = PBXFileReference; lastKnownFileType = sourcecode.swift; path = TaskCell.swift; sourceTree = "<group>"; };
		1551F77C2C3C388000DE8338 /* TaskListView.swift */ = {isa = PBXFileReference; lastKnownFileType = sourcecode.swift; path = TaskListView.swift; sourceTree = "<group>"; };
		1551F77E2C3C388000DE8338 /* FloatingButton.swift */ = {isa = PBXFileReference; lastKnownFileType = sourcecode.swift; path = FloatingButton.swift; sourceTree = "<group>"; };
		1551F77F2C3C388000DE8338 /* TaskEditView.swift */ = {isa = PBXFileReference; lastKnownFileType = sourcecode.swift; path = TaskEditView.swift; sourceTree = "<group>"; };
		1551F78A2C3C388700DE8338 /* Persistence.swift */ = {isa = PBXFileReference; lastKnownFileType = sourcecode.swift; path = Persistence.swift; sourceTree = "<group>"; };
		15D990DA2C3D312B00D6035A /* CheckBoxView.swift */ = {isa = PBXFileReference; lastKnownFileType = sourcecode.swift; path = CheckBoxView.swift; sourceTree = "<group>"; };
		15D990DC2C3D323500D6035A /* TaskItemExtension.swift */ = {isa = PBXFileReference; lastKnownFileType = sourcecode.swift; path = TaskItemExtension.swift; sourceTree = "<group>"; };
		15D990DE2C3D605D00D6035A /* DataScroller.swift */ = {isa = PBXFileReference; lastKnownFileType = sourcecode.swift; path = DataScroller.swift; sourceTree = "<group>"; };
		15D990E02C3D840300D6035A /* TaskFilter.swift */ = {isa = PBXFileReference; lastKnownFileType = sourcecode.swift; path = TaskFilter.swift; sourceTree = "<group>"; };
/* End PBXFileReference section */

/* Begin PBXFrameworksBuildPhase section */
		1523955B2C3BEC6C00BA6152 /* Frameworks */ = {
			isa = PBXFrameworksBuildPhase;
			buildActionMask = 2147483647;
			files = (
			);
			runOnlyForDeploymentPostprocessing = 0;
		};
/* End PBXFrameworksBuildPhase section */

/* Begin PBXGroup section */
		152395552C3BEC6C00BA6152 = {
			isa = PBXGroup;
			children = (
				152395602C3BEC6C00BA6152 /* ToDoList */,
				1523955F2C3BEC6C00BA6152 /* Products */,
			);
			sourceTree = "<group>";
		};
		1523955F2C3BEC6C00BA6152 /* Products */ = {
			isa = PBXGroup;
			children = (
				1523955E2C3BEC6C00BA6152 /* ToDoList.app */,
			);
			name = Products;
			sourceTree = "<group>";
		};
		152395602C3BEC6C00BA6152 /* ToDoList */ = {
			isa = PBXGroup;
			children = (
				152395612C3BEC6C00BA6152 /* ToDoListApp.swift */,
				152395652C3BEC6D00BA6152 /* Assets.xcassets */,
				1551F78D2C3C388700DE8338 /* Model */,
				1551F7822C3C388000DE8338 /* Views */,
				1523956C2C3BEC6D00BA6152 /* ToDoList.xcdatamodeld */,
				152395672C3BEC6D00BA6152 /* Preview Content */,
			);
			path = ToDoList;
			sourceTree = "<group>";
		};
		152395672C3BEC6D00BA6152 /* Preview Content */ = {
			isa = PBXGroup;
			children = (
				152395682C3BEC6D00BA6152 /* Preview Assets.xcassets */,
			);
			path = "Preview Content";
			sourceTree = "<group>";
		};
		1551F7822C3C388000DE8338 /* Views */ = {
			isa = PBXGroup;
			children = (
				1551F77C2C3C388000DE8338 /* TaskListView.swift */,
				1551F77E2C3C388000DE8338 /* FloatingButton.swift */,
				1551F77F2C3C388000DE8338 /* TaskEditView.swift */,
				1541C4652C3C3D6600309171 /* TaskCell.swift */,
				15D990DA2C3D312B00D6035A /* CheckBoxView.swift */,
				15D990DE2C3D605D00D6035A /* DataScroller.swift */,
			);
			path = Views;
			sourceTree = "<group>";
		};
		1551F78D2C3C388700DE8338 /* Model */ = {
			isa = PBXGroup;
			children = (
				15D990DC2C3D323500D6035A /* TaskItemExtension.swift */,
				1541C4632C3C3A8B00309171 /* DataHolder.swift */,
				1551F78A2C3C388700DE8338 /* Persistence.swift */,
				15D990E02C3D840300D6035A /* TaskFilter.swift */,
			);
			path = Model;
			sourceTree = "<group>";
		};
/* End PBXGroup section */

/* Begin PBXNativeTarget section */
		1523955D2C3BEC6C00BA6152 /* ToDoList */ = {
			isa = PBXNativeTarget;
			buildConfigurationList = 152395712C3BEC6D00BA6152 /* Build configuration list for PBXNativeTarget "ToDoList" */;
			buildPhases = (
				1523955A2C3BEC6C00BA6152 /* Sources */,
				1523955B2C3BEC6C00BA6152 /* Frameworks */,
				1523955C2C3BEC6C00BA6152 /* Resources */,
			);
			buildRules = (
			);
			dependencies = (
			);
			name = ToDoList;
			packageProductDependencies = (
			);
			productName = ToDoList;
			productReference = 1523955E2C3BEC6C00BA6152 /* ToDoList.app */;
			productType = "com.apple.product-type.application";
		};
/* End PBXNativeTarget section */

/* Begin PBXProject section */
		152395562C3BEC6C00BA6152 /* Project object */ = {
			isa = PBXProject;
			attributes = {
				BuildIndependentTargetsInParallel = 1;
				LastSwiftUpdateCheck = 1600;
				LastUpgradeCheck = 1600;
				TargetAttributes = {
					1523955D2C3BEC6C00BA6152 = {
						CreatedOnToolsVersion = 16.0;
					};
				};
			};
			buildConfigurationList = 152395592C3BEC6C00BA6152 /* Build configuration list for PBXProject "ToDoList" */;
			compatibilityVersion = "Xcode 15.0";
			developmentRegion = en;
			hasScannedForEncodings = 0;
			knownRegions = (
				en,
				Base,
			);
			mainGroup = 152395552C3BEC6C00BA6152;
			packageReferences = (
				1551F75A2C3C087800DE8338 /* XCRemoteSwiftPackageReference "SwiftLint" */,
			);
			productRefGroup = 1523955F2C3BEC6C00BA6152 /* Products */;
			projectDirPath = "";
			projectRoot = "";
			targets = (
				1523955D2C3BEC6C00BA6152 /* ToDoList */,
			);
		};
/* End PBXProject section */

/* Begin PBXResourcesBuildPhase section */
		1523955C2C3BEC6C00BA6152 /* Resources */ = {
			isa = PBXResourcesBuildPhase;
			buildActionMask = 2147483647;
			files = (
				152395692C3BEC6D00BA6152 /* Preview Assets.xcassets in Resources */,
				152395662C3BEC6D00BA6152 /* Assets.xcassets in Resources */,
			);
			runOnlyForDeploymentPostprocessing = 0;
		};
/* End PBXResourcesBuildPhase section */

/* Begin PBXSourcesBuildPhase section */
		1523955A2C3BEC6C00BA6152 /* Sources */ = {
			isa = PBXSourcesBuildPhase;
			buildActionMask = 2147483647;
			files = (
				1551F78E2C3C388700DE8338 /* Persistence.swift in Sources */,
				15D990DD2C3D324600D6035A /* TaskItemExtension.swift in Sources */,
				1551F7862C3C388000DE8338 /* TaskEditView.swift in Sources */,
				1551F7872C3C388000DE8338 /* FloatingButton.swift in Sources */,
				15D990E12C3D840300D6035A /* TaskFilter.swift in Sources */,
				1551F7882C3C388000DE8338 /* TaskListView.swift in Sources */,
				15D990DB2C3D312B00D6035A /* CheckBoxView.swift in Sources */,
				1541C4662C3C3D6600309171 /* TaskCell.swift in Sources */,
				152395622C3BEC6C00BA6152 /* ToDoListApp.swift in Sources */,
				1541C4642C3C3A8F00309171 /* DataHolder.swift in Sources */,
				15D990DF2C3D605E00D6035A /* DataScroller.swift in Sources */,
				1523956E2C3BEC6D00BA6152 /* ToDoList.xcdatamodeld in Sources */,
			);
			runOnlyForDeploymentPostprocessing = 0;
		};
/* End PBXSourcesBuildPhase section */

/* Begin XCBuildConfiguration section */
		1523956F2C3BEC6D00BA6152 /* Debug */ = {
			isa = XCBuildConfiguration;
			buildSettings = {
				ALWAYS_SEARCH_USER_PATHS = NO;
				ASSETCATALOG_COMPILER_GENERATE_SWIFT_ASSET_SYMBOL_EXTENSIONS = YES;
				CLANG_ANALYZER_NONNULL = YES;
				CLANG_ANALYZER_NUMBER_OBJECT_CONVERSION = YES_AGGRESSIVE;
				CLANG_CXX_LANGUAGE_STANDARD = "gnu++20";
				CLANG_ENABLE_MODULES = YES;
				CLANG_ENABLE_OBJC_ARC = YES;
				CLANG_ENABLE_OBJC_WEAK = YES;
				CLANG_WARN_BLOCK_CAPTURE_AUTORELEASING = YES;
				CLANG_WARN_BOOL_CONVERSION = YES;
				CLANG_WARN_COMMA = YES;
				CLANG_WARN_CONSTANT_CONVERSION = YES;
				CLANG_WARN_DEPRECATED_OBJC_IMPLEMENTATIONS = YES;
				CLANG_WARN_DIRECT_OBJC_ISA_USAGE = YES_ERROR;
				CLANG_WARN_DOCUMENTATION_COMMENTS = YES;
				CLANG_WARN_EMPTY_BODY = YES;
				CLANG_WARN_ENUM_CONVERSION = YES;
				CLANG_WARN_INFINITE_RECURSION = YES;
				CLANG_WARN_INT_CONVERSION = YES;
				CLANG_WARN_NON_LITERAL_NULL_CONVERSION = YES;
				CLANG_WARN_OBJC_IMPLICIT_RETAIN_SELF = YES;
				CLANG_WARN_OBJC_LITERAL_CONVERSION = YES;
				CLANG_WARN_OBJC_ROOT_CLASS = YES_ERROR;
				CLANG_WARN_QUOTED_INCLUDE_IN_FRAMEWORK_HEADER = YES;
				CLANG_WARN_RANGE_LOOP_ANALYSIS = YES;
				CLANG_WARN_STRICT_PROTOTYPES = YES;
				CLANG_WARN_SUSPICIOUS_MOVE = YES;
				CLANG_WARN_UNGUARDED_AVAILABILITY = YES_AGGRESSIVE;
				CLANG_WARN_UNREACHABLE_CODE = YES;
				CLANG_WARN__DUPLICATE_METHOD_MATCH = YES;
				COPY_PHASE_STRIP = NO;
				DEBUG_INFORMATION_FORMAT = dwarf;
				ENABLE_STRICT_OBJC_MSGSEND = YES;
				ENABLE_TESTABILITY = YES;
				ENABLE_USER_SCRIPT_SANDBOXING = YES;
				GCC_C_LANGUAGE_STANDARD = gnu17;
				GCC_DYNAMIC_NO_PIC = NO;
				GCC_NO_COMMON_BLOCKS = YES;
				GCC_OPTIMIZATION_LEVEL = 0;
				GCC_PREPROCESSOR_DEFINITIONS = (
					"DEBUG=1",
					"$(inherited)",
				);
				GCC_WARN_64_TO_32_BIT_CONVERSION = YES;
				GCC_WARN_ABOUT_RETURN_TYPE = YES_ERROR;
				GCC_WARN_UNDECLARED_SELECTOR = YES;
				GCC_WARN_UNINITIALIZED_AUTOS = YES_AGGRESSIVE;
				GCC_WARN_UNUSED_FUNCTION = YES;
				GCC_WARN_UNUSED_VARIABLE = YES;
				IPHONEOS_DEPLOYMENT_TARGET = 18.0;
				LOCALIZATION_PREFERS_STRING_CATALOGS = YES;
				MTL_ENABLE_DEBUG_INFO = INCLUDE_SOURCE;
				MTL_FAST_MATH = YES;
				ONLY_ACTIVE_ARCH = YES;
				SDKROOT = iphoneos;
				SWIFT_ACTIVE_COMPILATION_CONDITIONS = "DEBUG $(inherited)";
				SWIFT_OPTIMIZATION_LEVEL = "-Onone";
			};
			name = Debug;
		};
		152395702C3BEC6D00BA6152 /* Release */ = {
			isa = XCBuildConfiguration;
			buildSettings = {
				ALWAYS_SEARCH_USER_PATHS = NO;
				ASSETCATALOG_COMPILER_GENERATE_SWIFT_ASSET_SYMBOL_EXTENSIONS = YES;
				CLANG_ANALYZER_NONNULL = YES;
				CLANG_ANALYZER_NUMBER_OBJECT_CONVERSION = YES_AGGRESSIVE;
				CLANG_CXX_LANGUAGE_STANDARD = "gnu++20";
				CLANG_ENABLE_MODULES = YES;
				CLANG_ENABLE_OBJC_ARC = YES;
				CLANG_ENABLE_OBJC_WEAK = YES;
				CLANG_WARN_BLOCK_CAPTURE_AUTORELEASING = YES;
				CLANG_WARN_BOOL_CONVERSION = YES;
				CLANG_WARN_COMMA = YES;
				CLANG_WARN_CONSTANT_CONVERSION = YES;
				CLANG_WARN_DEPRECATED_OBJC_IMPLEMENTATIONS = YES;
				CLANG_WARN_DIRECT_OBJC_ISA_USAGE = YES_ERROR;
				CLANG_WARN_DOCUMENTATION_COMMENTS = YES;
				CLANG_WARN_EMPTY_BODY = YES;
				CLANG_WARN_ENUM_CONVERSION = YES;
				CLANG_WARN_INFINITE_RECURSION = YES;
				CLANG_WARN_INT_CONVERSION = YES;
				CLANG_WARN_NON_LITERAL_NULL_CONVERSION = YES;
				CLANG_WARN_OBJC_IMPLICIT_RETAIN_SELF = YES;
				CLANG_WARN_OBJC_LITERAL_CONVERSION = YES;
				CLANG_WARN_OBJC_ROOT_CLASS = YES_ERROR;
				CLANG_WARN_QUOTED_INCLUDE_IN_FRAMEWORK_HEADER = YES;
				CLANG_WARN_RANGE_LOOP_ANALYSIS = YES;
				CLANG_WARN_STRICT_PROTOTYPES = YES;
				CLANG_WARN_SUSPICIOUS_MOVE = YES;
				CLANG_WARN_UNGUARDED_AVAILABILITY = YES_AGGRESSIVE;
				CLANG_WARN_UNREACHABLE_CODE = YES;
				CLANG_WARN__DUPLICATE_METHOD_MATCH = YES;
				COPY_PHASE_STRIP = NO;
				DEBUG_INFORMATION_FORMAT = "dwarf-with-dsym";
				ENABLE_NS_ASSERTIONS = NO;
				ENABLE_STRICT_OBJC_MSGSEND = YES;
				ENABLE_USER_SCRIPT_SANDBOXING = YES;
				GCC_C_LANGUAGE_STANDARD = gnu17;
				GCC_NO_COMMON_BLOCKS = YES;
				GCC_WARN_64_TO_32_BIT_CONVERSION = YES;
				GCC_WARN_ABOUT_RETURN_TYPE = YES_ERROR;
				GCC_WARN_UNDECLARED_SELECTOR = YES;
				GCC_WARN_UNINITIALIZED_AUTOS = YES_AGGRESSIVE;
				GCC_WARN_UNUSED_FUNCTION = YES;
				GCC_WARN_UNUSED_VARIABLE = YES;
				IPHONEOS_DEPLOYMENT_TARGET = 18.0;
				LOCALIZATION_PREFERS_STRING_CATALOGS = YES;
				MTL_ENABLE_DEBUG_INFO = NO;
				MTL_FAST_MATH = YES;
				SDKROOT = iphoneos;
				SWIFT_COMPILATION_MODE = wholemodule;
				VALIDATE_PRODUCT = YES;
			};
			name = Release;
		};
		152395722C3BEC6D00BA6152 /* Debug */ = {
			isa = XCBuildConfiguration;
			buildSettings = {
				ASSETCATALOG_COMPILER_APPICON_NAME = AppIcon;
				ASSETCATALOG_COMPILER_GLOBAL_ACCENT_COLOR_NAME = AccentColor;
				CODE_SIGN_STYLE = Automatic;
				CURRENT_PROJECT_VERSION = 1;
				DEVELOPMENT_ASSET_PATHS = "\"ToDoList/Preview Content\"";
				DEVELOPMENT_TEAM = W47PP4T637;
				ENABLE_PREVIEWS = YES;
				GENERATE_INFOPLIST_FILE = YES;
				INFOPLIST_KEY_UIApplicationSceneManifest_Generation = YES;
				INFOPLIST_KEY_UIApplicationSupportsIndirectInputEvents = YES;
				INFOPLIST_KEY_UILaunchScreen_Generation = YES;
				INFOPLIST_KEY_UISupportedInterfaceOrientations_iPad = "UIInterfaceOrientationPortrait UIInterfaceOrientationPortraitUpsideDown UIInterfaceOrientationLandscapeLeft UIInterfaceOrientationLandscapeRight";
				INFOPLIST_KEY_UISupportedInterfaceOrientations_iPhone = "UIInterfaceOrientationPortrait UIInterfaceOrientationLandscapeLeft UIInterfaceOrientationLandscapeRight";
				IPHONEOS_DEPLOYMENT_TARGET = 16.0;
				LD_RUNPATH_SEARCH_PATHS = (
					"$(inherited)",
					"@executable_path/Frameworks",
				);
				MARKETING_VERSION = 1.0;
				PRODUCT_BUNDLE_IDENTIFIER = Woullocke.ToDoList;
				PRODUCT_NAME = "$(TARGET_NAME)";
				SWIFT_EMIT_LOC_STRINGS = YES;
				SWIFT_VERSION = 5.0;
				TARGETED_DEVICE_FAMILY = "1,2";
			};
			name = Debug;
		};
		152395732C3BEC6D00BA6152 /* Release */ = {
			isa = XCBuildConfiguration;
			buildSettings = {
				ASSETCATALOG_COMPILER_APPICON_NAME = AppIcon;
				ASSETCATALOG_COMPILER_GLOBAL_ACCENT_COLOR_NAME = AccentColor;
				CODE_SIGN_STYLE = Automatic;
				CURRENT_PROJECT_VERSION = 1;
				DEVELOPMENT_ASSET_PATHS = "\"ToDoList/Preview Content\"";
				DEVELOPMENT_TEAM = W47PP4T637;
				ENABLE_PREVIEWS = YES;
				GENERATE_INFOPLIST_FILE = YES;
				INFOPLIST_KEY_UIApplicationSceneManifest_Generation = YES;
				INFOPLIST_KEY_UIApplicationSupportsIndirectInputEvents = YES;
				INFOPLIST_KEY_UILaunchScreen_Generation = YES;
				INFOPLIST_KEY_UISupportedInterfaceOrientations_iPad = "UIInterfaceOrientationPortrait UIInterfaceOrientationPortraitUpsideDown UIInterfaceOrientationLandscapeLeft UIInterfaceOrientationLandscapeRight";
				INFOPLIST_KEY_UISupportedInterfaceOrientations_iPhone = "UIInterfaceOrientationPortrait UIInterfaceOrientationLandscapeLeft UIInterfaceOrientationLandscapeRight";
				IPHONEOS_DEPLOYMENT_TARGET = 16.0;
				LD_RUNPATH_SEARCH_PATHS = (
					"$(inherited)",
					"@executable_path/Frameworks",
				);
				MARKETING_VERSION = 1.0;
				PRODUCT_BUNDLE_IDENTIFIER = Woullocke.ToDoList;
				PRODUCT_NAME = "$(TARGET_NAME)";
				SWIFT_EMIT_LOC_STRINGS = YES;
				SWIFT_VERSION = 5.0;
				TARGETED_DEVICE_FAMILY = "1,2";
			};
			name = Release;
		};
/* End XCBuildConfiguration section */

/* Begin XCConfigurationList section */
		152395592C3BEC6C00BA6152 /* Build configuration list for PBXProject "ToDoList" */ = {
			isa = XCConfigurationList;
			buildConfigurations = (
				1523956F2C3BEC6D00BA6152 /* Debug */,
				152395702C3BEC6D00BA6152 /* Release */,
			);
			defaultConfigurationIsVisible = 0;
			defaultConfigurationName = Release;
		};
		152395712C3BEC6D00BA6152 /* Build configuration list for PBXNativeTarget "ToDoList" */ = {
			isa = XCConfigurationList;
			buildConfigurations = (
				152395722C3BEC6D00BA6152 /* Debug */,
				152395732C3BEC6D00BA6152 /* Release */,
			);
			defaultConfigurationIsVisible = 0;
			defaultConfigurationName = Release;
		};
/* End XCConfigurationList section */

/* Begin XCRemoteSwiftPackageReference section */
		1551F75A2C3C087800DE8338 /* XCRemoteSwiftPackageReference "SwiftLint" */ = {
			isa = XCRemoteSwiftPackageReference;
			repositoryURL = "https://github.com/realm/SwiftLint";
			requirement = {
				kind = upToNextMajorVersion;
				minimumVersion = 0.55.1;
			};
		};
/* End XCRemoteSwiftPackageReference section */

/* Begin XCVersionGroup section */
		1523956C2C3BEC6D00BA6152 /* ToDoList.xcdatamodeld */ = {
			isa = XCVersionGroup;
			children = (
				1523956D2C3BEC6D00BA6152 /* ToDoList.xcdatamodel */,
			);
			currentVersion = 1523956D2C3BEC6D00BA6152 /* ToDoList.xcdatamodel */;
			path = ToDoList.xcdatamodeld;
			sourceTree = "<group>";
			versionGroupType = wrapper.xcdatamodel;
		};
/* End XCVersionGroup section */
	};
	rootObject = 152395562C3BEC6C00BA6152 /* Project object */;
}
